
Microsoft Visual Studio Solution File, Format Version 12.00
# Visual Studio Version 17
VisualStudioVersion = 17.4.33213.308
MinimumVisualStudioVersion = 10.0.40219.1
Project("{FAE04EC0-301F-11D3-BF4B-00C04F79EFBC}") = "Practice", "Practice\Practice.csproj", "{D7E01952-4CEF-4B60-8E01-CF26457CF8E7}"
EndProject
Project("{FAE04EC0-301F-11D3-BF4B-00C04F79EFBC}") = "task1", "task1\task1.csproj", "{2565201B-F601-45A0-9E43-93F08138A30B}"
EndProject
Project("{FAE04EC0-301F-11D3-BF4B-00C04F79EFBC}") = "task2", "task2\task2.csproj", "{773A6071-C38B-455F-B84D-8B9AB741103E}"
EndProject
Project("{FAE04EC0-301F-11D3-BF4B-00C04F79EFBC}") = "task3", "task3\task3.csproj", "{5DFCA1C4-41A3-421F-8FDE-07FB2EB83FCB}"
EndProject
Global
	GlobalSection(SolutionConfigurationPlatforms) = preSolution
		Debug|Any CPU = Debug|Any CPU
		Release|Any CPU = Release|Any CPU
	EndGlobalSection
	GlobalSection(ProjectConfigurationPlatforms) = postSolution
		{D7E01952-4CEF-4B60-8E01-CF26457CF8E7}.Debug|Any CPU.ActiveCfg = Debug|Any CPU
		{D7E01952-4CEF-4B60-8E01-CF26457CF8E7}.Debug|Any CPU.Build.0 = Debug|Any CPU
		{D7E01952-4CEF-4B60-8E01-CF26457CF8E7}.Release|Any CPU.ActiveCfg = Release|Any CPU
		{D7E01952-4CEF-4B60-8E01-CF26457CF8E7}.Release|Any CPU.Build.0 = Release|Any CPU
		{2565201B-F601-45A0-9E43-93F08138A30B}.Debug|Any CPU.ActiveCfg = Debug|Any CPU
		{2565201B-F601-45A0-9E43-93F08138A30B}.Debug|Any CPU.Build.0 = Debug|Any CPU
		{2565201B-F601-45A0-9E43-93F08138A30B}.Release|Any CPU.ActiveCfg = Release|Any CPU
		{2565201B-F601-45A0-9E43-93F08138A30B}.Release|Any CPU.Build.0 = Release|Any CPU
		{773A6071-C38B-455F-B84D-8B9AB741103E}.Debug|Any CPU.ActiveCfg = Debug|Any CPU
		{773A6071-C38B-455F-B84D-8B9AB741103E}.Debug|Any CPU.Build.0 = Debug|Any CPU
		{773A6071-C38B-455F-B84D-8B9AB741103E}.Release|Any CPU.ActiveCfg = Release|Any CPU
		{773A6071-C38B-455F-B84D-8B9AB741103E}.Release|Any CPU.Build.0 = Release|Any CPU
		{5DFCA1C4-41A3-421F-8FDE-07FB2EB83FCB}.Debug|Any CPU.ActiveCfg = Debug|Any CPU
		{5DFCA1C4-41A3-421F-8FDE-07FB2EB83FCB}.Debug|Any CPU.Build.0 = Debug|Any CPU
		{5DFCA1C4-41A3-421F-8FDE-07FB2EB83FCB}.Release|Any CPU.ActiveCfg = Release|Any CPU
		{5DFCA1C4-41A3-421F-8FDE-07FB2EB83FCB}.Release|Any CPU.Build.0 = Release|Any CPU
	EndGlobalSection
	GlobalSection(SolutionProperties) = preSolution
		HideSolutionNode = FALSE
	EndGlobalSection
	GlobalSection(ExtensibilityGlobals) = postSolution
		SolutionGuid = {8E258AE3-2AD2-4F88-9241-1496F11AFFC8}
	EndGlobalSection
EndGlobal
