
Microsoft Visual Studio Solution File, Format Version 12.00
# Visual Studio Version 17
VisualStudioVersion = 17.4.33213.308
MinimumVisualStudioVersion = 10.0.40219.1
Project("{FAE04EC0-301F-11D3-BF4B-00C04F79EFBC}") = "Practice", "Practice\Practice.csproj", "{8FD5BAC3-2F70-4065-9737-CF49EBAC436A}"
EndProject
Global
	GlobalSection(SolutionConfigurationPlatforms) = preSolution
		Debug|Any CPU = Debug|Any CPU
		Release|Any CPU = Release|Any CPU
	EndGlobalSection
	GlobalSection(ProjectConfigurationPlatforms) = postSolution
		{8FD5BAC3-2F70-4065-9737-CF49EBAC436A}.Debug|Any CPU.ActiveCfg = Debug|Any CPU
		{8FD5BAC3-2F70-4065-9737-CF49EBAC436A}.Debug|Any CPU.Build.0 = Debug|Any CPU
		{8FD5BAC3-2F70-4065-9737-CF49EBAC436A}.Release|Any CPU.ActiveCfg = Release|Any CPU
		{8FD5BAC3-2F70-4065-9737-CF49EBAC436A}.Release|Any CPU.Build.0 = Release|Any CPU
	EndGlobalSection
	GlobalSection(SolutionProperties) = preSolution
		HideSolutionNode = FALSE
	EndGlobalSection
	GlobalSection(ExtensibilityGlobals) = postSolution
		SolutionGuid = {1699A47B-592B-429D-8907-7824C83722FC}
	EndGlobalSection
EndGlobal
